
Microsoft Visual Studio Solution File, Format Version 12.00
# Visual Studio Version 16
VisualStudioVersion = 16.0.32002.261
MinimumVisualStudioVersion = 10.0.40219.1
Project("{8BC9CEB8-8B4A-11D0-8D11-00A0C91BC942}") = "Lab02ControlTask03", "Lab02ControlTask03.vcxproj", "{56921F15-D5FB-4636-AE6A-D3410D07DC0E}"
EndProject
Global
	GlobalSection(SolutionConfigurationPlatforms) = preSolution
		Debug|x64 = Debug|x64
		Debug|x86 = Debug|x86
		Release|x64 = Release|x64
		Release|x86 = Release|x86
	EndGlobalSection
	GlobalSection(ProjectConfigurationPlatforms) = postSolution
		{56921F15-D5FB-4636-AE6A-D3410D07DC0E}.Debug|x64.ActiveCfg = Debug|x64
		{56921F15-D5FB-4636-AE6A-D3410D07DC0E}.Debug|x64.Build.0 = Debug|x64
		{56921F15-D5FB-4636-AE6A-D3410D07DC0E}.Debug|x86.ActiveCfg = Debug|Win32
		{56921F15-D5FB-4636-AE6A-D3410D07DC0E}.Debug|x86.Build.0 = Debug|Win32
		{56921F15-D5FB-4636-AE6A-D3410D07DC0E}.Release|x64.ActiveCfg = Release|x64
		{56921F15-D5FB-4636-AE6A-D3410D07DC0E}.Release|x64.Build.0 = Release|x64
		{56921F15-D5FB-4636-AE6A-D3410D07DC0E}.Release|x86.ActiveCfg = Release|Win32
		{56921F15-D5FB-4636-AE6A-D3410D07DC0E}.Release|x86.Build.0 = Release|Win32
	EndGlobalSection
	GlobalSection(SolutionProperties) = preSolution
		HideSolutionNode = FALSE
	EndGlobalSection
	GlobalSection(ExtensibilityGlobals) = postSolution
		SolutionGuid = {B6A57922-C4C9-4CC5-9865-035E32F9D5F4}
	EndGlobalSection
EndGlobal
